
Microsoft Visual Studio Solution File, Format Version 11.00
# Visual Studio 2010
Project("{FAE04EC0-301F-11D3-BF4B-00C04F79EFBC}") = "NetVis.Net", "NetVis.Net\NetVis.Net.csproj", "{B0CF6281-986B-46DD-AC88-35AA1A71C2B2}"
EndProject
Project("{FAE04EC0-301F-11D3-BF4B-00C04F79EFBC}") = "NetVis.Net.Tests", "NetVis.Net.Tests\NetVis.Net.Tests.csproj", "{91902344-5F71-4AA8-B62A-4D5580B0812F}"
EndProject
Global
	GlobalSection(SolutionConfigurationPlatforms) = preSolution
		Debug|Any CPU = Debug|Any CPU
		Release|Any CPU = Release|Any CPU
	EndGlobalSection
	GlobalSection(ProjectConfigurationPlatforms) = postSolution
		{B0CF6281-986B-46DD-AC88-35AA1A71C2B2}.Debug|Any CPU.ActiveCfg = Debug|Any CPU
		{B0CF6281-986B-46DD-AC88-35AA1A71C2B2}.Debug|Any CPU.Build.0 = Debug|Any CPU
		{B0CF6281-986B-46DD-AC88-35AA1A71C2B2}.Release|Any CPU.ActiveCfg = Release|Any CPU
		{B0CF6281-986B-46DD-AC88-35AA1A71C2B2}.Release|Any CPU.Build.0 = Release|Any CPU
		{91902344-5F71-4AA8-B62A-4D5580B0812F}.Debug|Any CPU.ActiveCfg = Debug|Any CPU
		{91902344-5F71-4AA8-B62A-4D5580B0812F}.Debug|Any CPU.Build.0 = Debug|Any CPU
		{91902344-5F71-4AA8-B62A-4D5580B0812F}.Release|Any CPU.ActiveCfg = Release|Any CPU
		{91902344-5F71-4AA8-B62A-4D5580B0812F}.Release|Any CPU.Build.0 = Release|Any CPU
	EndGlobalSection
	GlobalSection(SolutionProperties) = preSolution
		HideSolutionNode = FALSE
	EndGlobalSection
EndGlobal
